
Microsoft Visual Studio Solution File, Format Version 12.00
# Visual Studio Version 17
VisualStudioVersion = 17.8.34330.188
MinimumVisualStudioVersion = 10.0.40219.1
Project("{FAE04EC0-301F-11D3-BF4B-00C04F79EFBC}") = "MLOOP_L2", "MLOOP_L2.csproj", "{C3341D31-57F9-467B-B633-050D8446D22F}"
EndProject
Global
	GlobalSection(SolutionConfigurationPlatforms) = preSolution
		Debug|Any CPU = Debug|Any CPU
		Release|Any CPU = Release|Any CPU
	EndGlobalSection
	GlobalSection(ProjectConfigurationPlatforms) = postSolution
		{C3341D31-57F9-467B-B633-050D8446D22F}.Debug|Any CPU.ActiveCfg = Debug|Any CPU
		{C3341D31-57F9-467B-B633-050D8446D22F}.Debug|Any CPU.Build.0 = Debug|Any CPU
		{C3341D31-57F9-467B-B633-050D8446D22F}.Release|Any CPU.ActiveCfg = Release|Any CPU
		{C3341D31-57F9-467B-B633-050D8446D22F}.Release|Any CPU.Build.0 = Release|Any CPU
	EndGlobalSection
	GlobalSection(SolutionProperties) = preSolution
		HideSolutionNode = FALSE
	EndGlobalSection
	GlobalSection(ExtensibilityGlobals) = postSolution
		SolutionGuid = {8835CC8E-8709-4FF4-923A-DF0B662AC361}
	EndGlobalSection
EndGlobal
